
Microsoft Visual Studio Solution File, Format Version 12.00
# Visual Studio 15
VisualStudioVersion = 15.0.27428.2037
MinimumVisualStudioVersion = 10.0.40219.1
Project("{8BC9CEB8-8B4A-11D0-8D11-00A0C91BC942}") = "Lab1", "Lab1\Lab1.vcxproj", "{812F69A4-A479-4AEB-B4A3-2E7D54B71E48}"
EndProject
Global
	GlobalSection(SolutionConfigurationPlatforms) = preSolution
		Debug|x64 = Debug|x64
		Debug|x86 = Debug|x86
		Release|x64 = Release|x64
		Release|x86 = Release|x86
	EndGlobalSection
	GlobalSection(ProjectConfigurationPlatforms) = postSolution
		{812F69A4-A479-4AEB-B4A3-2E7D54B71E48}.Debug|x64.ActiveCfg = Debug|x64
		{812F69A4-A479-4AEB-B4A3-2E7D54B71E48}.Debug|x64.Build.0 = Debug|x64
		{812F69A4-A479-4AEB-B4A3-2E7D54B71E48}.Debug|x86.ActiveCfg = Debug|Win32
		{812F69A4-A479-4AEB-B4A3-2E7D54B71E48}.Debug|x86.Build.0 = Debug|Win32
		{812F69A4-A479-4AEB-B4A3-2E7D54B71E48}.Release|x64.ActiveCfg = Release|x64
		{812F69A4-A479-4AEB-B4A3-2E7D54B71E48}.Release|x64.Build.0 = Release|x64
		{812F69A4-A479-4AEB-B4A3-2E7D54B71E48}.Release|x86.ActiveCfg = Release|Win32
		{812F69A4-A479-4AEB-B4A3-2E7D54B71E48}.Release|x86.Build.0 = Release|Win32
	EndGlobalSection
	GlobalSection(SolutionProperties) = preSolution
		HideSolutionNode = FALSE
	EndGlobalSection
	GlobalSection(ExtensibilityGlobals) = postSolution
		SolutionGuid = {F5AE99C3-D2B1-4612-8279-0EAD189A0F6B}
	EndGlobalSection
EndGlobal
